
Microsoft Visual Studio Solution File, Format Version 11.00
# Visual Studio 2010
Project("{FAE04EC0-301F-11D3-BF4B-00C04F79EFBC}") = "tmdt01", "tmdt01\tmdt01.csproj", "{5359DC74-832B-428E-9C88-6FA2E08C6F3A}"
EndProject
Global
	GlobalSection(SolutionConfigurationPlatforms) = preSolution
		Debug|Any CPU = Debug|Any CPU
		Release|Any CPU = Release|Any CPU
	EndGlobalSection
	GlobalSection(ProjectConfigurationPlatforms) = postSolution
		{5359DC74-832B-428E-9C88-6FA2E08C6F3A}.Debug|Any CPU.ActiveCfg = Debug|Any CPU
		{5359DC74-832B-428E-9C88-6FA2E08C6F3A}.Debug|Any CPU.Build.0 = Debug|Any CPU
		{5359DC74-832B-428E-9C88-6FA2E08C6F3A}.Release|Any CPU.ActiveCfg = Release|Any CPU
		{5359DC74-832B-428E-9C88-6FA2E08C6F3A}.Release|Any CPU.Build.0 = Release|Any CPU
	EndGlobalSection
	GlobalSection(SolutionProperties) = preSolution
		HideSolutionNode = FALSE
	EndGlobalSection
EndGlobal
